github.com/panicthis/C v1.3.0 h1:8IUq9LLzNKwzQ20se5MZPOibdXfCm6XHUgHzQGVcF10=
github.com/panicthis/C v1.3.0/go.mod h1:bGWAUBhvWNlRKlXRkZ/GvJ4t1L9TViuVqt3CCiBGJRE=
github.com/panicthis/D v1.2.0 h1:tYnu/e89BSzrIMKbpfafNY/aJBcbkrTHdn+fxdfm3OE=
github.com/panicthis/D v1.2.0/go.mod h1:j8I1cIC2pOEDl5kXp0TV+a0dsLUL4GmocSohNxGaz94=
